
Microsoft Visual Studio Solution File, Format Version 12.00
# Visual Studio Version 17
VisualStudioVersion = 17.7.34031.279
MinimumVisualStudioVersion = 10.0.40219.1
Project("{8BC9CEB8-8B4A-11D0-8D11-00A0C91BC942}") = "Classifier", "Classifier\Classifier.vcxproj", "{FA50FCB2-479D-492F-999C-6382BBF2222F}"
EndProject
Project("{8BC9CEB8-8B4A-11D0-8D11-00A0C91BC942}") = "Main", "Main\Main.vcxproj", "{1B11E7F0-E9DF-4B10-B2C6-C12FE7563546}"
EndProject
Global
	GlobalSection(SolutionConfigurationPlatforms) = preSolution
		Debug|x64 = Debug|x64
		Debug|x86 = Debug|x86
		Release|x64 = Release|x64
		Release|x86 = Release|x86
	EndGlobalSection
	GlobalSection(ProjectConfigurationPlatforms) = postSolution
		{FA50FCB2-479D-492F-999C-6382BBF2222F}.Debug|x64.ActiveCfg = Debug|x64
		{FA50FCB2-479D-492F-999C-6382BBF2222F}.Debug|x64.Build.0 = Debug|x64
		{FA50FCB2-479D-492F-999C-6382BBF2222F}.Debug|x86.ActiveCfg = Debug|Win32
		{FA50FCB2-479D-492F-999C-6382BBF2222F}.Debug|x86.Build.0 = Debug|Win32
		{FA50FCB2-479D-492F-999C-6382BBF2222F}.Release|x64.ActiveCfg = Release|x64
		{FA50FCB2-479D-492F-999C-6382BBF2222F}.Release|x64.Build.0 = Release|x64
		{FA50FCB2-479D-492F-999C-6382BBF2222F}.Release|x86.ActiveCfg = Release|Win32
		{FA50FCB2-479D-492F-999C-6382BBF2222F}.Release|x86.Build.0 = Release|Win32
		{1B11E7F0-E9DF-4B10-B2C6-C12FE7563546}.Debug|x64.ActiveCfg = Debug|x64
		{1B11E7F0-E9DF-4B10-B2C6-C12FE7563546}.Debug|x64.Build.0 = Debug|x64
		{1B11E7F0-E9DF-4B10-B2C6-C12FE7563546}.Debug|x86.ActiveCfg = Debug|Win32
		{1B11E7F0-E9DF-4B10-B2C6-C12FE7563546}.Debug|x86.Build.0 = Debug|Win32
		{1B11E7F0-E9DF-4B10-B2C6-C12FE7563546}.Release|x64.ActiveCfg = Release|x64
		{1B11E7F0-E9DF-4B10-B2C6-C12FE7563546}.Release|x64.Build.0 = Release|x64
		{1B11E7F0-E9DF-4B10-B2C6-C12FE7563546}.Release|x86.ActiveCfg = Release|Win32
		{1B11E7F0-E9DF-4B10-B2C6-C12FE7563546}.Release|x86.Build.0 = Release|Win32
	EndGlobalSection
	GlobalSection(SolutionProperties) = preSolution
		HideSolutionNode = FALSE
	EndGlobalSection
	GlobalSection(ExtensibilityGlobals) = postSolution
		SolutionGuid = {73357087-B300-4611-8F08-E25178F7CBBC}
	EndGlobalSection
EndGlobal
